
Microsoft Visual Studio Solution File, Format Version 12.00
Project("{FAE04EC0-301F-11D3-BF4B-00C04F79EFBC}") = "Los Angeles Life Client", "Los Angeles Life Client\Los Angeles Life Client.csproj", "{CCEBB27D-B0E4-43FC-9B98-FA9995CB892C}"
EndProject
Global
	GlobalSection(SolutionConfigurationPlatforms) = preSolution
		Debug|Any CPU = Debug|Any CPU
		Release|Any CPU = Release|Any CPU
	EndGlobalSection
	GlobalSection(ProjectConfigurationPlatforms) = postSolution
		{CCEBB27D-B0E4-43FC-9B98-FA9995CB892C}.Debug|Any CPU.ActiveCfg = Debug|Any CPU
		{CCEBB27D-B0E4-43FC-9B98-FA9995CB892C}.Debug|Any CPU.Build.0 = Debug|Any CPU
		{CCEBB27D-B0E4-43FC-9B98-FA9995CB892C}.Release|Any CPU.ActiveCfg = Release|Any CPU
		{CCEBB27D-B0E4-43FC-9B98-FA9995CB892C}.Release|Any CPU.Build.0 = Release|Any CPU
	EndGlobalSection
EndGlobal
