
Microsoft Visual Studio Solution File, Format Version 12.00
Project("{FAE04EC0-301F-11D3-BF4B-00C04F79EFBC}") = "Los Angeles Life", "Los Angeles Life\Los Angeles Life.csproj", "{9128AA71-4B42-4D86-85E9-916DFD148E41}"
EndProject
Global
	GlobalSection(SolutionConfigurationPlatforms) = preSolution
		Debug|Any CPU = Debug|Any CPU
		Release|Any CPU = Release|Any CPU
	EndGlobalSection
	GlobalSection(ProjectConfigurationPlatforms) = postSolution
		{9128AA71-4B42-4D86-85E9-916DFD148E41}.Debug|Any CPU.ActiveCfg = Debug|Any CPU
		{9128AA71-4B42-4D86-85E9-916DFD148E41}.Debug|Any CPU.Build.0 = Debug|Any CPU
		{9128AA71-4B42-4D86-85E9-916DFD148E41}.Release|Any CPU.ActiveCfg = Release|Any CPU
		{9128AA71-4B42-4D86-85E9-916DFD148E41}.Release|Any CPU.Build.0 = Release|Any CPU
	EndGlobalSection
EndGlobal
